<?xml version="1.0" encoding="utf-8"?>
<Project ToolsVersion="4.0" xmlns="http://schemas.microsoft.com/developer/msbuild/2003">
  <ItemGroup>
    <Filter Include="Source Files">
      <UniqueIdentifier>{4FC737F1-C7A5-4376-A066-2A32D752A2FF}</UniqueIdentifier>
      <Extensions>cpp;cxx;c;def</Extensions>
    </Filter>
    <Filter Include="Header Files">
      <UniqueIdentifier>{93995380-89BD-4b04-88EB-625FBE52EBFB}</UniqueIdentifier>
      <Extensions>h</Extensions>
    </Filter>
    <Filter Include="Form Files">
      <UniqueIdentifier>{99349809-55BA-4b9d-BF79-8FDBB0286EB3}</UniqueIdentifier>
      <Extensions>ui</Extensions>
    </Filter>
    <Filter Include="Resource Files">
      <UniqueIdentifier>{D9D6E242-F8AF-46E4-B9FD-80ECBC20BA3E}</UniqueIdentifier>
      <Extensions>qrc;*</Extensions>
      <ParseFiles>false</ParseFiles>
    </Filter>
    <Filter Include="Generated Files">
      <UniqueIdentifier>{71ED8ED8-ACB9-4CE9-BBE1-E00B30144E11}</UniqueIdentifier>
      <Extensions>moc;h;cpp</Extensions>
      <SourceControlFiles>False</SourceControlFiles>
    </Filter>
    <Filter Include="Generated Files\Debug">
      <UniqueIdentifier>{9299031b-96a9-497f-a910-4f80c340fcd5}</UniqueIdentifier>
      <Extensions>cpp;moc</Extensions>
      <SourceControlFiles>False</SourceControlFiles>
    </Filter>
    <Filter Include="Generated Files\Release">
      <UniqueIdentifier>{9e8a86f7-35ba-448f-a186-e495dc6e4474}</UniqueIdentifier>
      <Extensions>cpp;moc</Extensions>
      <SourceControlFiles>False</SourceControlFiles>
    </Filter>
  </ItemGroup>
  <ItemGroup>
    <ClCompile Include="main.cpp">
      <Filter>Source Files</Filter>
    </ClCompile>
    <ClCompile Include="qttwain.cpp">
      <Filter>Source Files</Filter>
    </ClCompile>
    <ClCompile Include="GeneratedFiles\Debug\moc_qttwain.cpp">
      <Filter>Generated Files\Debug</Filter>
    </ClCompile>
    <ClCompile Include="GeneratedFiles\Release\moc_qttwain.cpp">
      <Filter>Generated Files\Release</Filter>
    </ClCompile>
    <ClCompile Include="GeneratedFiles\qrc_qttwain.cpp">
      <Filter>Generated Files</Filter>
    </ClCompile>
    <ClCompile Include="GeneratedFiles\Debug\moc_enumset.cpp">
      <Filter>Generated Files\Debug</Filter>
    </ClCompile>
    <ClCompile Include="GeneratedFiles\Release\moc_enumset.cpp">
      <Filter>Generated Files\Release</Filter>
    </ClCompile>
    <ClCompile Include="GeneratedFiles\Debug\moc_extimageinfosel.cpp">
      <Filter>Generated Files\Debug</Filter>
    </ClCompile>
    <ClCompile Include="GeneratedFiles\Release\moc_extimageinfosel.cpp">
      <Filter>Generated Files\Release</Filter>
    </ClCompile>
    <ClCompile Include="GeneratedFiles\Debug\moc_meterdlg.cpp">
      <Filter>Generated Files\Debug</Filter>
    </ClCompile>
    <ClCompile Include="GeneratedFiles\Release\moc_meterdlg.cpp">
      <Filter>Generated Files\Release</Filter>
    </ClCompile>
    <ClCompile Include="GeneratedFiles\Debug\moc_setstate.cpp">
      <Filter>Generated Files\Debug</Filter>
    </ClCompile>
    <ClCompile Include="GeneratedFiles\Release\moc_setstate.cpp">
      <Filter>Generated Files\Release</Filter>
    </ClCompile>
    <ClCompile Include="GeneratedFiles\Debug\moc_structureedit.cpp">
      <Filter>Generated Files\Debug</Filter>
    </ClCompile>
    <ClCompile Include="GeneratedFiles\Release\moc_structureedit.cpp">
      <Filter>Generated Files\Release</Filter>
    </ClCompile>
    <ClCompile Include="GeneratedFiles\Debug\moc_twain_app_qt.cpp">
      <Filter>Generated Files\Debug</Filter>
    </ClCompile>
    <ClCompile Include="GeneratedFiles\Release\moc_twain_app_qt.cpp">
      <Filter>Generated Files\Release</Filter>
    </ClCompile>
    <ClCompile Include="ContainerWrapper.cpp">
      <Filter>Source Files</Filter>
    </ClCompile>
    <ClCompile Include="enumset.cpp">
      <Filter>Source Files</Filter>
    </ClCompile>
    <ClCompile Include="extimageinfosel.cpp">
      <Filter>Source Files</Filter>
    </ClCompile>
    <ClCompile Include="meterdlg.cpp">
      <Filter>Source Files</Filter>
    </ClCompile>
    <ClCompile Include="setstate.cpp">
      <Filter>Source Files</Filter>
    </ClCompile>
    <ClCompile Include="stdafx.cpp">
      <Filter>Source Files</Filter>
    </ClCompile>
    <ClCompile Include="structureedit.cpp">
      <Filter>Source Files</Filter>
    </ClCompile>
    <ClCompile Include="twain_app_qt.cpp">
      <Filter>Source Files</Filter>
    </ClCompile>
    <ClCompile Include="TWAINSession.cpp">
      <Filter>Source Files</Filter>
    </ClCompile>
    <ClCompile Include="GeneratedFiles\qrc_twain_app_qt.cpp">
      <Filter>Generated Files</Filter>
    </ClCompile>
    <ClCompile Include="CommonTWAIN.cpp">
      <Filter>Source Files</Filter>
    </ClCompile>
    <ClCompile Include="DSMInterface.cpp">
      <Filter>Source Files</Filter>
    </ClCompile>
    <ClCompile Include="CTiffWriter.cpp">
      <Filter>Source Files</Filter>
    </ClCompile>
    <ClCompile Include="VerifySignature.cpp">
      <Filter>Source Files</Filter>
    </ClCompile>
    <ClCompile Include="TwainString.cpp">
      <Filter>Source Files</Filter>
    </ClCompile>
  </ItemGroup>
  <ItemGroup>
    <CustomBuild Include="qttwain.h">
      <Filter>Header Files</Filter>
    </CustomBuild>
    <CustomBuild Include="qttwain.ui">
      <Filter>Form Files</Filter>
    </CustomBuild>
    <CustomBuild Include="qttwain.qrc">
      <Filter>Resource Files</Filter>
    </CustomBuild>
    <CustomBuild Include="enumset.h">
      <Filter>Header Files</Filter>
    </CustomBuild>
    <CustomBuild Include="extimageinfosel.h">
      <Filter>Header Files</Filter>
    </CustomBuild>
    <CustomBuild Include="meterdlg.h">
      <Filter>Header Files</Filter>
    </CustomBuild>
    <CustomBuild Include="setstate.h">
      <Filter>Header Files</Filter>
    </CustomBuild>
    <CustomBuild Include="structureedit.h">
      <Filter>Header Files</Filter>
    </CustomBuild>
    <CustomBuild Include="twain_app_qt.h">
      <Filter>Header Files</Filter>
    </CustomBuild>
    <CustomBuild Include="twain_app_qt.qrc">
      <Filter>Resource Files</Filter>
    </CustomBuild>
    <CustomBuild Include="enumset.ui">
      <Filter>Form Files</Filter>
    </CustomBuild>
    <CustomBuild Include="extimageinfosel.ui">
      <Filter>Form Files</Filter>
    </CustomBuild>
    <CustomBuild Include="MeterDlg.ui">
      <Filter>Form Files</Filter>
    </CustomBuild>
    <CustomBuild Include="setstate.ui">
      <Filter>Form Files</Filter>
    </CustomBuild>
    <CustomBuild Include="structureedit.ui">
      <Filter>Form Files</Filter>
    </CustomBuild>
    <CustomBuild Include="twain_app_qt.ui">
      <Filter>Form Files</Filter>
    </CustomBuild>
  </ItemGroup>
  <ItemGroup>
    <ClInclude Include="GeneratedFiles\ui_qttwain.h">
      <Filter>Generated Files</Filter>
    </ClInclude>
    <ClInclude Include="ContainerWrapper.h">
      <Filter>Header Files</Filter>
    </ClInclude>
    <ClInclude Include="stdafx.h">
      <Filter>Header Files</Filter>
    </ClInclude>
    <ClInclude Include="TWAINSession.h">
      <Filter>Header Files</Filter>
    </ClInclude>
    <ClInclude Include="GeneratedFiles\ui_enumset.h">
      <Filter>Generated Files</Filter>
    </ClInclude>
    <ClInclude Include="GeneratedFiles\ui_extimageinfosel.h">
      <Filter>Generated Files</Filter>
    </ClInclude>
    <ClInclude Include="GeneratedFiles\ui_MeterDlg.h">
      <Filter>Generated Files</Filter>
    </ClInclude>
    <ClInclude Include="GeneratedFiles\ui_setstate.h">
      <Filter>Generated Files</Filter>
    </ClInclude>
    <ClInclude Include="GeneratedFiles\ui_structureedit.h">
      <Filter>Generated Files</Filter>
    </ClInclude>
    <ClInclude Include="GeneratedFiles\ui_twain_app_qt.h">
      <Filter>Generated Files</Filter>
    </ClInclude>
  </ItemGroup>
  <ItemGroup>
    <None Include="TWAIN_App_QT.pro" />
    <None Include="TWAIN_App_QT.pri" />
  </ItemGroup>
</Project>